{
  "requires": true,
  "lockfileVersion": 1,
  "dependencies": {
    "node-red-contrib-file-upload": {
      "version": "0.0.5",
      "resolved": "https://registry.npmjs.org/node-red-contrib-file-upload/-/node-red-contrib-file-upload-0.0.5.tgz",
      "integrity": "sha1-XOya62gryq/q0n7WmNZrv7Q//6g=",
      "requires": {
        "poster": "0.0.9"
      }
    },
    "poster": {
      "version": "0.0.9",
      "resolved": "https://registry.npmjs.org/poster/-/poster-0.0.9.tgz",
      "integrity": "sha1-TDLQQnx8VkpgKw/Fpm1DeDyK1sc="
    }
  }
}
